
Microsoft Visual Studio Solution File, Format Version 12.00
# Visual Studio Version 17
VisualStudioVersion = 17.13.35818.85 d17.13
MinimumVisualStudioVersion = 10.0.40219.1
Project("{FAE04EC0-301F-11D3-BF4B-00C04F79EFBC}") = "MeuCorre", "MeuCorre.csproj", "{5A439D31-B5E1-4060-B2BE-326F1F53C4AE}"
EndProject
Project("{FAE04EC0-301F-11D3-BF4B-00C04F79EFBC}") = "MeuCorre.Infra", "..\MeuCoe.Infra\MeuCorre.Infra.csproj", "{0212E5B5-BBFC-4FC6-850F-0E899BD39358}"
EndProject
Project("{FAE04EC0-301F-11D3-BF4B-00C04F79EFBC}") = "MeuCorre.Core", "..\MeuCorre.Core\MeuCorre.Core.csproj", "{F7447F92-F388-4BF1-8EE9-3FCE5681F508}"
EndProject
Project("{FAE04EC0-301F-11D3-BF4B-00C04F79EFBC}") = "MeuCorre.Application", "..\MeuCorre.Application\MeuCorre.Application.csproj", "{0EF70C74-2AAE-4BDE-93A7-F8DE3CD7BCFE}"
EndProject
Global
	GlobalSection(SolutionConfigurationPlatforms) = preSolution
		Debug|Any CPU = Debug|Any CPU
		Release|Any CPU = Release|Any CPU
	EndGlobalSection
	GlobalSection(ProjectConfigurationPlatforms) = postSolution
		{5A439D31-B5E1-4060-B2BE-326F1F53C4AE}.Debug|Any CPU.ActiveCfg = Debug|Any CPU
		{5A439D31-B5E1-4060-B2BE-326F1F53C4AE}.Debug|Any CPU.Build.0 = Debug|Any CPU
		{5A439D31-B5E1-4060-B2BE-326F1F53C4AE}.Release|Any CPU.ActiveCfg = Release|Any CPU
		{5A439D31-B5E1-4060-B2BE-326F1F53C4AE}.Release|Any CPU.Build.0 = Release|Any CPU
		{0212E5B5-BBFC-4FC6-850F-0E899BD39358}.Debug|Any CPU.ActiveCfg = Debug|Any CPU
		{0212E5B5-BBFC-4FC6-850F-0E899BD39358}.Debug|Any CPU.Build.0 = Debug|Any CPU
		{0212E5B5-BBFC-4FC6-850F-0E899BD39358}.Release|Any CPU.ActiveCfg = Release|Any CPU
		{0212E5B5-BBFC-4FC6-850F-0E899BD39358}.Release|Any CPU.Build.0 = Release|Any CPU
		{F7447F92-F388-4BF1-8EE9-3FCE5681F508}.Debug|Any CPU.ActiveCfg = Debug|Any CPU
		{F7447F92-F388-4BF1-8EE9-3FCE5681F508}.Debug|Any CPU.Build.0 = Debug|Any CPU
		{F7447F92-F388-4BF1-8EE9-3FCE5681F508}.Release|Any CPU.ActiveCfg = Release|Any CPU
		{F7447F92-F388-4BF1-8EE9-3FCE5681F508}.Release|Any CPU.Build.0 = Release|Any CPU
		{0EF70C74-2AAE-4BDE-93A7-F8DE3CD7BCFE}.Debug|Any CPU.ActiveCfg = Debug|Any CPU
		{0EF70C74-2AAE-4BDE-93A7-F8DE3CD7BCFE}.Debug|Any CPU.Build.0 = Debug|Any CPU
		{0EF70C74-2AAE-4BDE-93A7-F8DE3CD7BCFE}.Release|Any CPU.ActiveCfg = Release|Any CPU
		{0EF70C74-2AAE-4BDE-93A7-F8DE3CD7BCFE}.Release|Any CPU.Build.0 = Release|Any CPU
	EndGlobalSection
	GlobalSection(SolutionProperties) = preSolution
		HideSolutionNode = FALSE
	EndGlobalSection
	GlobalSection(ExtensibilityGlobals) = postSolution
		SolutionGuid = {70CDB5C5-5809-46A4-9863-246935D2D450}
	EndGlobalSection
EndGlobal
